
Microsoft Visual Studio Solution File, Format Version 12.00
Project("{FAE04EC0-301F-11D3-BF4B-00C04F79EFBC}") = "StreamIntegration", "StreamIntegration\StreamIntegration.csproj", "{21C29372-8785-4F60-9380-0FAC181BF6BF}"
EndProject
Project("{FAE04EC0-301F-11D3-BF4B-00C04F79EFBC}") = "OvercookedActions", "OvercookedActions\OvercookedActions.csproj", "{09F5A3C9-8C4F-4408-8146-CF29A18A4D35}"
EndProject
Project("{FAE04EC0-301F-11D3-BF4B-00C04F79EFBC}") = "OvercookedProxy", "OvercookedProxy\OvercookedProxy.csproj", "{31394C5C-EB0E-4DEF-B711-5F00E16F635D}"
EndProject
Global
	GlobalSection(SolutionConfigurationPlatforms) = preSolution
		Debug|Any CPU = Debug|Any CPU
		Release|Any CPU = Release|Any CPU
	EndGlobalSection
	GlobalSection(ProjectConfigurationPlatforms) = postSolution
		{21C29372-8785-4F60-9380-0FAC181BF6BF}.Debug|Any CPU.ActiveCfg = Debug|Any CPU
		{21C29372-8785-4F60-9380-0FAC181BF6BF}.Debug|Any CPU.Build.0 = Debug|Any CPU
		{21C29372-8785-4F60-9380-0FAC181BF6BF}.Release|Any CPU.ActiveCfg = Release|Any CPU
		{21C29372-8785-4F60-9380-0FAC181BF6BF}.Release|Any CPU.Build.0 = Release|Any CPU
		{09F5A3C9-8C4F-4408-8146-CF29A18A4D35}.Debug|Any CPU.ActiveCfg = Debug|Any CPU
		{09F5A3C9-8C4F-4408-8146-CF29A18A4D35}.Debug|Any CPU.Build.0 = Debug|Any CPU
		{09F5A3C9-8C4F-4408-8146-CF29A18A4D35}.Release|Any CPU.ActiveCfg = Release|Any CPU
		{09F5A3C9-8C4F-4408-8146-CF29A18A4D35}.Release|Any CPU.Build.0 = Release|Any CPU
		{31394C5C-EB0E-4DEF-B711-5F00E16F635D}.Debug|Any CPU.ActiveCfg = Debug|Any CPU
		{31394C5C-EB0E-4DEF-B711-5F00E16F635D}.Debug|Any CPU.Build.0 = Debug|Any CPU
		{31394C5C-EB0E-4DEF-B711-5F00E16F635D}.Release|Any CPU.ActiveCfg = Release|Any CPU
		{31394C5C-EB0E-4DEF-B711-5F00E16F635D}.Release|Any CPU.Build.0 = Release|Any CPU
	EndGlobalSection
EndGlobal
